
Microsoft Visual Studio Solution File, Format Version 12.00
# Visual Studio Version 16
VisualStudioVersion = 16.0.29926.136
MinimumVisualStudioVersion = 10.0.40219.1
Project("{8BC9CEB8-8B4A-11D0-8D11-00A0C91BC942}") = "Ordenacion_por_insercion_con_intercambios", "Ordenacion_por_insercion_con_intercambios.vcxproj", "{DCD46B12-036D-4EA3-A943-5482A3DF3C9B}"
EndProject
Global
	GlobalSection(SolutionConfigurationPlatforms) = preSolution
		Debug|x64 = Debug|x64
		Debug|x86 = Debug|x86
		Release|x64 = Release|x64
		Release|x86 = Release|x86
	EndGlobalSection
	GlobalSection(ProjectConfigurationPlatforms) = postSolution
		{DCD46B12-036D-4EA3-A943-5482A3DF3C9B}.Debug|x64.ActiveCfg = Debug|x64
		{DCD46B12-036D-4EA3-A943-5482A3DF3C9B}.Debug|x64.Build.0 = Debug|x64
		{DCD46B12-036D-4EA3-A943-5482A3DF3C9B}.Debug|x86.ActiveCfg = Debug|Win32
		{DCD46B12-036D-4EA3-A943-5482A3DF3C9B}.Debug|x86.Build.0 = Debug|Win32
		{DCD46B12-036D-4EA3-A943-5482A3DF3C9B}.Release|x64.ActiveCfg = Release|x64
		{DCD46B12-036D-4EA3-A943-5482A3DF3C9B}.Release|x64.Build.0 = Release|x64
		{DCD46B12-036D-4EA3-A943-5482A3DF3C9B}.Release|x86.ActiveCfg = Release|Win32
		{DCD46B12-036D-4EA3-A943-5482A3DF3C9B}.Release|x86.Build.0 = Release|Win32
	EndGlobalSection
	GlobalSection(SolutionProperties) = preSolution
		HideSolutionNode = FALSE
	EndGlobalSection
	GlobalSection(ExtensibilityGlobals) = postSolution
		SolutionGuid = {8392D731-788C-4A34-B736-A1294913BBF5}
	EndGlobalSection
EndGlobal
