
Microsoft Visual Studio Solution File, Format Version 12.00
# Visual Studio Version 16
VisualStudioVersion = 16.0.30204.135
MinimumVisualStudioVersion = 10.0.40219.1
Project("{8BC9CEB8-8B4A-11D0-8D11-00A0C91BC942}") = "exa_2", "exa_2.vcxproj", "{E2248FE3-740A-487E-A6CB-7561793B9DBF}"
EndProject
Global
	GlobalSection(SolutionConfigurationPlatforms) = preSolution
		Debug|x64 = Debug|x64
		Debug|x86 = Debug|x86
		Release|x64 = Release|x64
		Release|x86 = Release|x86
	EndGlobalSection
	GlobalSection(ProjectConfigurationPlatforms) = postSolution
		{E2248FE3-740A-487E-A6CB-7561793B9DBF}.Debug|x64.ActiveCfg = Debug|x64
		{E2248FE3-740A-487E-A6CB-7561793B9DBF}.Debug|x64.Build.0 = Debug|x64
		{E2248FE3-740A-487E-A6CB-7561793B9DBF}.Debug|x86.ActiveCfg = Debug|Win32
		{E2248FE3-740A-487E-A6CB-7561793B9DBF}.Debug|x86.Build.0 = Debug|Win32
		{E2248FE3-740A-487E-A6CB-7561793B9DBF}.Release|x64.ActiveCfg = Release|x64
		{E2248FE3-740A-487E-A6CB-7561793B9DBF}.Release|x64.Build.0 = Release|x64
		{E2248FE3-740A-487E-A6CB-7561793B9DBF}.Release|x86.ActiveCfg = Release|Win32
		{E2248FE3-740A-487E-A6CB-7561793B9DBF}.Release|x86.Build.0 = Release|Win32
	EndGlobalSection
	GlobalSection(SolutionProperties) = preSolution
		HideSolutionNode = FALSE
	EndGlobalSection
	GlobalSection(ExtensibilityGlobals) = postSolution
		SolutionGuid = {DD5B1882-FEE6-4CE9-9332-7A3EA8F64233}
	EndGlobalSection
EndGlobal
