
Microsoft Visual Studio Solution File, Format Version 12.00
# Visual Studio Version 16
VisualStudioVersion = 16.0.29926.136
MinimumVisualStudioVersion = 10.0.40219.1
Project("{8BC9CEB8-8B4A-11D0-8D11-00A0C91BC942}") = "Algoritmos_Ordenación", "Algoritmos_Ordenación.vcxproj", "{86F1480E-6BEB-43AB-A1EA-31368C62FF54}"
EndProject
Project("{8BC9CEB8-8B4A-11D0-8D11-00A0C91BC942}") = "Ordenacion_por_insercion_con_intercambios", "..\Ordenacion_por_insercion_con_intercambios\Ordenacion_por_insercion_con_intercambios.vcxproj", "{0DD8F833-5326-4818-8C32-797CE6E74BFF}"
EndProject
Project("{8BC9CEB8-8B4A-11D0-8D11-00A0C91BC942}") = "claves_ordenacion", "..\claves_ordenacion\claves_ordenacion.vcxproj", "{508C5DB1-85AD-4DE1-83EF-1C3B3919F9AE}"
EndProject
Project("{8BC9CEB8-8B4A-11D0-8D11-00A0C91BC942}") = "ordenacion_por_seleccion_directa", "..\ordenacion_por_seleccion_directa\ordenacion_por_seleccion_directa.vcxproj", "{9478DC79-C8D8-4888-88B1-75BE69144D09}"
EndProject
Project("{8BC9CEB8-8B4A-11D0-8D11-00A0C91BC942}") = "metodo_de_la_burbuja", "..\metodo_de_la_burbuja\metodo_de_la_burbuja.vcxproj", "{46237381-7D5A-4F0B-8FB9-02B3A83DEBD7}"
EndProject
Project("{8BC9CEB8-8B4A-11D0-8D11-00A0C91BC942}") = "metodo_de_la_burbuja_mejorado", "..\metodo_de_la_burbuja_mejorado\metodo_de_la_burbuja_mejorado.vcxproj", "{26B0727E-8E72-4A56-9758-6AF75E1C8D32}"
EndProject
Project("{8BC9CEB8-8B4A-11D0-8D11-00A0C91BC942}") = "listas_ordenadas", "..\listas_ordenadas\listas_ordenadas.vcxproj", "{D9CCAB03-DBC0-4C49-907E-DD03FA75A63A}"
EndProject
Global
	GlobalSection(SolutionConfigurationPlatforms) = preSolution
		Debug|x64 = Debug|x64
		Debug|x86 = Debug|x86
		Release|x64 = Release|x64
		Release|x86 = Release|x86
	EndGlobalSection
	GlobalSection(ProjectConfigurationPlatforms) = postSolution
		{86F1480E-6BEB-43AB-A1EA-31368C62FF54}.Debug|x64.ActiveCfg = Debug|x64
		{86F1480E-6BEB-43AB-A1EA-31368C62FF54}.Debug|x64.Build.0 = Debug|x64
		{86F1480E-6BEB-43AB-A1EA-31368C62FF54}.Debug|x86.ActiveCfg = Debug|Win32
		{86F1480E-6BEB-43AB-A1EA-31368C62FF54}.Debug|x86.Build.0 = Debug|Win32
		{86F1480E-6BEB-43AB-A1EA-31368C62FF54}.Release|x64.ActiveCfg = Release|x64
		{86F1480E-6BEB-43AB-A1EA-31368C62FF54}.Release|x64.Build.0 = Release|x64
		{86F1480E-6BEB-43AB-A1EA-31368C62FF54}.Release|x86.ActiveCfg = Release|Win32
		{86F1480E-6BEB-43AB-A1EA-31368C62FF54}.Release|x86.Build.0 = Release|Win32
		{0DD8F833-5326-4818-8C32-797CE6E74BFF}.Debug|x64.ActiveCfg = Debug|x64
		{0DD8F833-5326-4818-8C32-797CE6E74BFF}.Debug|x64.Build.0 = Debug|x64
		{0DD8F833-5326-4818-8C32-797CE6E74BFF}.Debug|x86.ActiveCfg = Debug|Win32
		{0DD8F833-5326-4818-8C32-797CE6E74BFF}.Debug|x86.Build.0 = Debug|Win32
		{0DD8F833-5326-4818-8C32-797CE6E74BFF}.Release|x64.ActiveCfg = Release|x64
		{0DD8F833-5326-4818-8C32-797CE6E74BFF}.Release|x64.Build.0 = Release|x64
		{0DD8F833-5326-4818-8C32-797CE6E74BFF}.Release|x86.ActiveCfg = Release|Win32
		{0DD8F833-5326-4818-8C32-797CE6E74BFF}.Release|x86.Build.0 = Release|Win32
		{508C5DB1-85AD-4DE1-83EF-1C3B3919F9AE}.Debug|x64.ActiveCfg = Debug|x64
		{508C5DB1-85AD-4DE1-83EF-1C3B3919F9AE}.Debug|x64.Build.0 = Debug|x64
		{508C5DB1-85AD-4DE1-83EF-1C3B3919F9AE}.Debug|x86.ActiveCfg = Debug|Win32
		{508C5DB1-85AD-4DE1-83EF-1C3B3919F9AE}.Debug|x86.Build.0 = Debug|Win32
		{508C5DB1-85AD-4DE1-83EF-1C3B3919F9AE}.Release|x64.ActiveCfg = Release|x64
		{508C5DB1-85AD-4DE1-83EF-1C3B3919F9AE}.Release|x64.Build.0 = Release|x64
		{508C5DB1-85AD-4DE1-83EF-1C3B3919F9AE}.Release|x86.ActiveCfg = Release|Win32
		{508C5DB1-85AD-4DE1-83EF-1C3B3919F9AE}.Release|x86.Build.0 = Release|Win32
		{9478DC79-C8D8-4888-88B1-75BE69144D09}.Debug|x64.ActiveCfg = Debug|x64
		{9478DC79-C8D8-4888-88B1-75BE69144D09}.Debug|x64.Build.0 = Debug|x64
		{9478DC79-C8D8-4888-88B1-75BE69144D09}.Debug|x86.ActiveCfg = Debug|Win32
		{9478DC79-C8D8-4888-88B1-75BE69144D09}.Debug|x86.Build.0 = Debug|Win32
		{9478DC79-C8D8-4888-88B1-75BE69144D09}.Release|x64.ActiveCfg = Release|x64
		{9478DC79-C8D8-4888-88B1-75BE69144D09}.Release|x64.Build.0 = Release|x64
		{9478DC79-C8D8-4888-88B1-75BE69144D09}.Release|x86.ActiveCfg = Release|Win32
		{9478DC79-C8D8-4888-88B1-75BE69144D09}.Release|x86.Build.0 = Release|Win32
		{46237381-7D5A-4F0B-8FB9-02B3A83DEBD7}.Debug|x64.ActiveCfg = Debug|x64
		{46237381-7D5A-4F0B-8FB9-02B3A83DEBD7}.Debug|x64.Build.0 = Debug|x64
		{46237381-7D5A-4F0B-8FB9-02B3A83DEBD7}.Debug|x86.ActiveCfg = Debug|Win32
		{46237381-7D5A-4F0B-8FB9-02B3A83DEBD7}.Debug|x86.Build.0 = Debug|Win32
		{46237381-7D5A-4F0B-8FB9-02B3A83DEBD7}.Release|x64.ActiveCfg = Release|x64
		{46237381-7D5A-4F0B-8FB9-02B3A83DEBD7}.Release|x64.Build.0 = Release|x64
		{46237381-7D5A-4F0B-8FB9-02B3A83DEBD7}.Release|x86.ActiveCfg = Release|Win32
		{46237381-7D5A-4F0B-8FB9-02B3A83DEBD7}.Release|x86.Build.0 = Release|Win32
		{26B0727E-8E72-4A56-9758-6AF75E1C8D32}.Debug|x64.ActiveCfg = Debug|x64
		{26B0727E-8E72-4A56-9758-6AF75E1C8D32}.Debug|x64.Build.0 = Debug|x64
		{26B0727E-8E72-4A56-9758-6AF75E1C8D32}.Debug|x86.ActiveCfg = Debug|Win32
		{26B0727E-8E72-4A56-9758-6AF75E1C8D32}.Debug|x86.Build.0 = Debug|Win32
		{26B0727E-8E72-4A56-9758-6AF75E1C8D32}.Release|x64.ActiveCfg = Release|x64
		{26B0727E-8E72-4A56-9758-6AF75E1C8D32}.Release|x64.Build.0 = Release|x64
		{26B0727E-8E72-4A56-9758-6AF75E1C8D32}.Release|x86.ActiveCfg = Release|Win32
		{26B0727E-8E72-4A56-9758-6AF75E1C8D32}.Release|x86.Build.0 = Release|Win32
		{D9CCAB03-DBC0-4C49-907E-DD03FA75A63A}.Debug|x64.ActiveCfg = Debug|x64
		{D9CCAB03-DBC0-4C49-907E-DD03FA75A63A}.Debug|x64.Build.0 = Debug|x64
		{D9CCAB03-DBC0-4C49-907E-DD03FA75A63A}.Debug|x86.ActiveCfg = Debug|Win32
		{D9CCAB03-DBC0-4C49-907E-DD03FA75A63A}.Debug|x86.Build.0 = Debug|Win32
		{D9CCAB03-DBC0-4C49-907E-DD03FA75A63A}.Release|x64.ActiveCfg = Release|x64
		{D9CCAB03-DBC0-4C49-907E-DD03FA75A63A}.Release|x64.Build.0 = Release|x64
		{D9CCAB03-DBC0-4C49-907E-DD03FA75A63A}.Release|x86.ActiveCfg = Release|Win32
		{D9CCAB03-DBC0-4C49-907E-DD03FA75A63A}.Release|x86.Build.0 = Release|Win32
	EndGlobalSection
	GlobalSection(SolutionProperties) = preSolution
		HideSolutionNode = FALSE
	EndGlobalSection
	GlobalSection(ExtensibilityGlobals) = postSolution
		SolutionGuid = {4522E59E-048E-4D35-B5CD-42EC218667F6}
	EndGlobalSection
EndGlobal
